
Microsoft Visual Studio Solution File, Format Version 12.00
# Visual Studio Version 16
VisualStudioVersion = 16.0.30611.23
MinimumVisualStudioVersion = 10.0.40219.1
Project("{FAE04EC0-301F-11D3-BF4B-00C04F79EFBC}") = "Mvc", "Mvc\Mvc.csproj", "{AE1C4E9A-DE2C-45F3-937D-202D201EB803}"
EndProject
Global
	GlobalSection(SolutionConfigurationPlatforms) = preSolution
		Debug|Any CPU = Debug|Any CPU
		Release|Any CPU = Release|Any CPU
	EndGlobalSection
	GlobalSection(ProjectConfigurationPlatforms) = postSolution
		{AE1C4E9A-DE2C-45F3-937D-202D201EB803}.Debug|Any CPU.ActiveCfg = Debug|Any CPU
		{AE1C4E9A-DE2C-45F3-937D-202D201EB803}.Debug|Any CPU.Build.0 = Debug|Any CPU
		{AE1C4E9A-DE2C-45F3-937D-202D201EB803}.Release|Any CPU.ActiveCfg = Release|Any CPU
		{AE1C4E9A-DE2C-45F3-937D-202D201EB803}.Release|Any CPU.Build.0 = Release|Any CPU
	EndGlobalSection
	GlobalSection(SolutionProperties) = preSolution
		HideSolutionNode = FALSE
	EndGlobalSection
	GlobalSection(ExtensibilityGlobals) = postSolution
		SolutionGuid = {075B8922-998A-44CD-95DE-D3268000CB8A}
	EndGlobalSection
EndGlobal
