
Microsoft Visual Studio Solution File, Format Version 12.00
# Visual Studio Version 16
VisualStudioVersion = 16.0.30717.126
MinimumVisualStudioVersion = 10.0.40219.1
Project("{FAE04EC0-301F-11D3-BF4B-00C04F79EFBC}") = "Razor_bonnes-pratiques", "Razor_bonnes-pratiques\Razor_bonnes-pratiques.csproj", "{8C5C5219-D9B2-47BB-8F8C-7E8A89882760}"
EndProject
Global
	GlobalSection(SolutionConfigurationPlatforms) = preSolution
		Debug|Any CPU = Debug|Any CPU
		Release|Any CPU = Release|Any CPU
	EndGlobalSection
	GlobalSection(ProjectConfigurationPlatforms) = postSolution
		{8C5C5219-D9B2-47BB-8F8C-7E8A89882760}.Debug|Any CPU.ActiveCfg = Debug|Any CPU
		{8C5C5219-D9B2-47BB-8F8C-7E8A89882760}.Debug|Any CPU.Build.0 = Debug|Any CPU
		{8C5C5219-D9B2-47BB-8F8C-7E8A89882760}.Release|Any CPU.ActiveCfg = Release|Any CPU
		{8C5C5219-D9B2-47BB-8F8C-7E8A89882760}.Release|Any CPU.Build.0 = Release|Any CPU
	EndGlobalSection
	GlobalSection(SolutionProperties) = preSolution
		HideSolutionNode = FALSE
	EndGlobalSection
	GlobalSection(ExtensibilityGlobals) = postSolution
		SolutionGuid = {0D9B210B-29E8-4816-8D10-0BE07570C494}
	EndGlobalSection
EndGlobal
