
Microsoft Visual Studio Solution File, Format Version 12.00
# Visual Studio Version 16
VisualStudioVersion = 16.0.30717.126
MinimumVisualStudioVersion = 10.0.40219.1
Project("{FAE04EC0-301F-11D3-BF4B-00C04F79EFBC}") = "Identity", "Identity\Identity.csproj", "{AEB3BBD3-6556-47E2-82D3-7A2088D52CB9}"
EndProject
Global
	GlobalSection(SolutionConfigurationPlatforms) = preSolution
		Debug|Any CPU = Debug|Any CPU
		Release|Any CPU = Release|Any CPU
	EndGlobalSection
	GlobalSection(ProjectConfigurationPlatforms) = postSolution
		{AEB3BBD3-6556-47E2-82D3-7A2088D52CB9}.Debug|Any CPU.ActiveCfg = Debug|Any CPU
		{AEB3BBD3-6556-47E2-82D3-7A2088D52CB9}.Debug|Any CPU.Build.0 = Debug|Any CPU
		{AEB3BBD3-6556-47E2-82D3-7A2088D52CB9}.Release|Any CPU.ActiveCfg = Release|Any CPU
		{AEB3BBD3-6556-47E2-82D3-7A2088D52CB9}.Release|Any CPU.Build.0 = Release|Any CPU
	EndGlobalSection
	GlobalSection(SolutionProperties) = preSolution
		HideSolutionNode = FALSE
	EndGlobalSection
	GlobalSection(ExtensibilityGlobals) = postSolution
		SolutionGuid = {532C4A70-DEE0-4CE1-87E0-05307E83F601}
	EndGlobalSection
EndGlobal
