
Microsoft Visual Studio Solution File, Format Version 12.00
# Visual Studio Version 16
VisualStudioVersion = 16.0.30611.23
MinimumVisualStudioVersion = 10.0.40219.1
Project("{FAE04EC0-301F-11D3-BF4B-00C04F79EFBC}") = "SQL", "SQL\SQL.csproj", "{3A91BA15-05A8-4D3F-9B6B-4B5099E39FF3}"
EndProject
Global
	GlobalSection(SolutionConfigurationPlatforms) = preSolution
		Debug|Any CPU = Debug|Any CPU
		Release|Any CPU = Release|Any CPU
	EndGlobalSection
	GlobalSection(ProjectConfigurationPlatforms) = postSolution
		{3A91BA15-05A8-4D3F-9B6B-4B5099E39FF3}.Debug|Any CPU.ActiveCfg = Debug|Any CPU
		{3A91BA15-05A8-4D3F-9B6B-4B5099E39FF3}.Debug|Any CPU.Build.0 = Debug|Any CPU
		{3A91BA15-05A8-4D3F-9B6B-4B5099E39FF3}.Release|Any CPU.ActiveCfg = Release|Any CPU
		{3A91BA15-05A8-4D3F-9B6B-4B5099E39FF3}.Release|Any CPU.Build.0 = Release|Any CPU
	EndGlobalSection
	GlobalSection(SolutionProperties) = preSolution
		HideSolutionNode = FALSE
	EndGlobalSection
	GlobalSection(ExtensibilityGlobals) = postSolution
		SolutionGuid = {0F759A1F-8EDE-4F3D-8E74-57100914642F}
	EndGlobalSection
EndGlobal
